PODS:
  - FBAEMKit (16.3.1):
    - FBSDKCoreKit_Basics (= 16.3.1)
  - FBSDKCoreKit (16.3.1):
    - FBAEMKit (= 16.3.1)
    - FBSDKCoreKit_Basics (= 16.3.1)
  - FBSDKCoreKit_Basics (16.3.1)
  - FBSDKGamingServicesKit (16.3.1):
    - FBSDKCoreKit (= 16.3.1)
    - FBSDKCoreKit_Basics (= 16.3.1)
    - FBSDKShareKit (= 16.3.1)
  - FBSDKLoginKit (16.3.1):
    - FBSDKCoreKit (= 16.3.1)
  - FBSDKShareKit (16.3.1):
    - FBSDKCoreKit (= 16.3.1)

DEPENDENCIES:
  - FBSDKCoreKit (= 16.3.1)
  - FBSDKGamingServicesKit (= 16.3.1)
  - FBSDKLoginKit (= 16.3.1)
  - FBSDKShareKit (= 16.3.1)

SPEC REPOS:
  trunk:
    - FBAEMKit
    - FBSDKCoreKit
    - FBSDKCoreKit_Basics
    - FBSDKGamingServicesKit
    - FBSDKLoginKit
    - FBSDKShareKit

SPEC CHECKSUMS:
  FBAEMKit: 6c7b5eb77c96861bb59e040842c6e55bf39512ce
  FBSDKCoreKit: 5e4dd478947ab1bcc887e8cfadeae0727af1a942
  FBSDKCoreKit_Basics: cd7b5f5d1e8868c26706917919d058999ca672c3
  FBSDKGamingServicesKit: fb0dcf086e8ca51f5a0074908edb783dba286af0
  FBSDKLoginKit: 572cca0bc6c90067ef197187697cb3b584310c52
  FBSDKShareKit: d9269157b4e9620f0bc1a461c5ead35a65cede9a

PODFILE CHECKSUM: e0ffe6583addde7b03e6f1a621bed491d2ea887d

COCOAPODS: 1.15.2
