PODS:
  - Bolts (1.9.0):
    - Bolts/AppLinks (= 1.9.0)
    - Bolts/Tasks (= 1.9.0)
  - Bolts/AppLinks (1.9.0):
    - Bolts/Tasks
  - Bolts/Tasks (1.9.0)
  - FBSDKCoreKit (4.38.0):
    - Bolts (~> 1.9)
  - FBSDKLoginKit (4.38.0):
    - FBSDKCoreKit
  - FBSDKShareKit (4.38.0):
    - FBSDKCoreKit

DEPENDENCIES:
  - Bolts (= 1.9.0)
  - FBSDKCoreKit (= 4.38.0)
  - FBSDKLoginKit (= 4.38.0)
  - FBSDKShareKit (= 4.38.0)

SPEC REPOS:
  https://github.com/cocoapods/specs.git:
    - Bolts
    - FBSDKCoreKit
    - FBSDKLoginKit
    - FBSDKShareKit

SPEC CHECKSUMS:
  Bolts: ac6567323eac61e203f6a9763667d0f711be34c8
  FBSDKCoreKit: 2ab7fdbf600dc6b628ba7a49aa29d357a7b4c74e
  FBSDKLoginKit: 634fa27e72e33620eb6389253337342c03d4a407
  FBSDKShareKit: 00290e3db446eed603ff80ac629dcc5e80cf8b74

PODFILE CHECKSUM: d9ec9cface88af1acaae976e1dfa03e2a64deee3

COCOAPODS: 1.5.3
