// !$*UTF8*$!
{
	archiveVersion = 1;
	classes = {
	};
	objectVersion = 46;
	objects = {

/* Begin PBXBuildFile section */
		165F93631E525E5400A12835 /* AirFacebook.m in Sources */ = {isa = PBXBuildFile; fileRef = 165F93621E525E5400A12835 /* AirFacebook.m */; };
		165F93641E525E5400A12835 /* AirFacebook.h in CopyFiles */ = {isa = PBXBuildFile; fileRef = 165F93611E525E5400A12835 /* AirFacebook.h */; };
/* End PBXBuildFile section */

/* Begin PBXCopyFilesBuildPhase section */
		165F935C1E525E5400A12835 /* CopyFiles */ = {
			isa = PBXCopyFilesBuildPhase;
			buildActionMask = 2147483647;
			dstPath = "include/$(PRODUCT_NAME)";
			dstSubfolderSpec = 16;
			files = (
				165F93641E525E5400A12835 /* AirFacebook.h in CopyFiles */,
			);
			runOnlyForDeploymentPostprocessing = 0;
		};
/* End PBXCopyFilesBuildPhase section */

/* Begin PBXFileReference section */
		165F935E1E525E5400A12835 /* libAirFacebook.a */ = {isa = PBXFileReference; explicitFileType = archive.ar; includeInIndex = 0; path = libAirFacebook.a; sourceTree = BUILT_PRODUCTS_DIR; };
		165F93611E525E5400A12835 /* AirFacebook.h */ = {isa = PBXFileReference; lastKnownFileType = sourcecode.c.h; path = AirFacebook.h; sourceTree = "<group>"; };
		165F93621E525E5400A12835 /* AirFacebook.m */ = {isa = PBXFileReference; lastKnownFileType = sourcecode.c.objc; path = AirFacebook.m; sourceTree = "<group>"; };
/* End PBXFileReference section */

/* Begin PBXFrameworksBuildPhase section */
		165F935B1E525E5400A12835 /* Frameworks */ = {
			isa = PBXFrameworksBuildPhase;
			buildActionMask = 2147483647;
			files = (
			);
			runOnlyForDeploymentPostprocessing = 0;
		};
/* End PBXFrameworksBuildPhase section */

/* Begin PBXGroup section */
		165F93551E525E5400A12835 = {
			isa = PBXGroup;
			children = (
				165F93601E525E5400A12835 /* AirFacebook */,
				165F935F1E525E5400A12835 /* Products */,
			);
			sourceTree = "<group>";
		};
		165F935F1E525E5400A12835 /* Products */ = {
			isa = PBXGroup;
			children = (
				165F935E1E525E5400A12835 /* libAirFacebook.a */,
			);
			name = Products;
			sourceTree = "<group>";
		};
		165F93601E525E5400A12835 /* AirFacebook */ = {
			isa = PBXGroup;
			children = (
				165F93611E525E5400A12835 /* AirFacebook.h */,
				165F93621E525E5400A12835 /* AirFacebook.m */,
			);
			path = AirFacebook;
			sourceTree = "<group>";
		};
/* End PBXGroup section */

/* Begin PBXNativeTarget section */
		165F935D1E525E5400A12835 /* AirFacebook */ = {
			isa = PBXNativeTarget;
			buildConfigurationList = 165F93671E525E5400A12835 /* Build configuration list for PBXNativeTarget "AirFacebook" */;
			buildPhases = (
				165F935A1E525E5400A12835 /* Sources */,
				165F935B1E525E5400A12835 /* Frameworks */,
				165F935C1E525E5400A12835 /* CopyFiles */,
			);
			buildRules = (
			);
			dependencies = (
			);
			name = AirFacebook;
			productName = AirFacebook;
			productReference = 165F935E1E525E5400A12835 /* libAirFacebook.a */;
			productType = "com.apple.product-type.library.static";
		};
/* End PBXNativeTarget section */

/* Begin PBXProject section */
		165F93561E525E5400A12835 /* Project object */ = {
			isa = PBXProject;
			attributes = {
				LastUpgradeCheck = 0820;
				ORGANIZATIONNAME = "Freshplanet, Inc.";
				TargetAttributes = {
					165F935D1E525E5400A12835 = {
						CreatedOnToolsVersion = 8.2.1;
						ProvisioningStyle = Automatic;
					};
				};
			};
			buildConfigurationList = 165F93591E525E5400A12835 /* Build configuration list for PBXProject "AirFacebook" */;
			compatibilityVersion = "Xcode 3.2";
			developmentRegion = English;
			hasScannedForEncodings = 0;
			knownRegions = (
				en,
			);
			mainGroup = 165F93551E525E5400A12835;
			productRefGroup = 165F935F1E525E5400A12835 /* Products */;
			projectDirPath = "";
			projectRoot = "";
			targets = (
				165F935D1E525E5400A12835 /* AirFacebook */,
			);
		};
/* End PBXProject section */

/* Begin PBXSourcesBuildPhase section */
		165F935A1E525E5400A12835 /* Sources */ = {
			isa = PBXSourcesBuildPhase;
			buildActionMask = 2147483647;
			files = (
				165F93631E525E5400A12835 /* AirFacebook.m in Sources */,
			);
			runOnlyForDeploymentPostprocessing = 0;
		};
/* End PBXSourcesBuildPhase section */

/* Begin XCBuildConfiguration section */
		165F93651E525E5400A12835 /* Debug */ = {
			isa = XCBuildConfiguration;
			buildSettings = {
				ALWAYS_SEARCH_USER_PATHS = NO;
				CLANG_ANALYZER_NONNULL = YES;
				CLANG_CXX_LANGUAGE_STANDARD = "gnu++0x";
				CLANG_CXX_LIBRARY = "libc++";
				CLANG_ENABLE_MODULES = YES;
				CLANG_ENABLE_OBJC_ARC = YES;
				CLANG_WARN_BOOL_CONVERSION = YES;
				CLANG_WARN_CONSTANT_CONVERSION = YES;
				CLANG_WARN_DIRECT_OBJC_ISA_USAGE = YES_ERROR;
				CLANG_WARN_DOCUMENTATION_COMMENTS = YES;
				CLANG_WARN_EMPTY_BODY = YES;
				CLANG_WARN_ENUM_CONVERSION = YES;
				CLANG_WARN_INFINITE_RECURSION = YES;
				CLANG_WARN_INT_CONVERSION = YES;
				CLANG_WARN_OBJC_ROOT_CLASS = YES_ERROR;
				CLANG_WARN_SUSPICIOUS_MOVE = YES;
				CLANG_WARN_UNREACHABLE_CODE = YES;
				CLANG_WARN__DUPLICATE_METHOD_MATCH = YES;
				"CODE_SIGN_IDENTITY[sdk=iphoneos*]" = "iPhone Developer";
				COPY_PHASE_STRIP = NO;
				DEBUG_INFORMATION_FORMAT = dwarf;
				ENABLE_STRICT_OBJC_MSGSEND = YES;
				ENABLE_TESTABILITY = YES;
				GCC_C_LANGUAGE_STANDARD = gnu99;
				GCC_DYNAMIC_NO_PIC = NO;
				GCC_NO_COMMON_BLOCKS = YES;
				GCC_OPTIMIZATION_LEVEL = 0;
				GCC_PREPROCESSOR_DEFINITIONS = (
					"DEBUG=1",
					"$(inherited)",
				);
				GCC_WARN_64_TO_32_BIT_CONVERSION = YES;
				GCC_WARN_ABOUT_RETURN_TYPE = YES_ERROR;
				GCC_WARN_UNDECLARED_SELECTOR = YES;
				GCC_WARN_UNINITIALIZED_AUTOS = YES_AGGRESSIVE;
				GCC_WARN_UNUSED_FUNCTION = YES;
				GCC_WARN_UNUSED_VARIABLE = YES;
				IPHONEOS_DEPLOYMENT_TARGET = 10.2;
				MTL_ENABLE_DEBUG_INFO = YES;
				ONLY_ACTIVE_ARCH = YES;
				SDKROOT = iphoneos;
			};
			name = Debug;
		};
		165F93661E525E5400A12835 /* Release */ = {
			isa = XCBuildConfiguration;
			buildSettings = {
				ALWAYS_SEARCH_USER_PATHS = NO;
				CLANG_ANALYZER_NONNULL = YES;
				CLANG_CXX_LANGUAGE_STANDARD = "gnu++0x";
				CLANG_CXX_LIBRARY = "libc++";
				CLANG_ENABLE_MODULES = YES;
				CLANG_ENABLE_OBJC_ARC = YES;
				CLANG_WARN_BOOL_CONVERSION = YES;
				CLANG_WARN_CONSTANT_CONVERSION = YES;
				CLANG_WARN_DIRECT_OBJC_ISA_USAGE = YES_ERROR;
				CLANG_WARN_DOCUMENTATION_COMMENTS = YES;
				CLANG_WARN_EMPTY_BODY = YES;
				CLANG_WARN_ENUM_CONVERSION = YES;
				CLANG_WARN_INFINITE_RECURSION = YES;
				CLANG_WARN_INT_CONVERSION = YES;
				CLANG_WARN_OBJC_ROOT_CLASS = YES_ERROR;
				CLANG_WARN_SUSPICIOUS_MOVE = YES;
				CLANG_WARN_UNREACHABLE_CODE = YES;
				CLANG_WARN__DUPLICATE_METHOD_MATCH = YES;
				"CODE_SIGN_IDENTITY[sdk=iphoneos*]" = "iPhone Developer";
				COPY_PHASE_STRIP = NO;
				DEBUG_INFORMATION_FORMAT = "dwarf-with-dsym";
				ENABLE_NS_ASSERTIONS = NO;
				ENABLE_STRICT_OBJC_MSGSEND = YES;
				GCC_C_LANGUAGE_STANDARD = gnu99;
				GCC_NO_COMMON_BLOCKS = YES;
				GCC_WARN_64_TO_32_BIT_CONVERSION = YES;
				GCC_WARN_ABOUT_RETURN_TYPE = YES_ERROR;
				GCC_WARN_UNDECLARED_SELECTOR = YES;
				GCC_WARN_UNINITIALIZED_AUTOS = YES_AGGRESSIVE;
				GCC_WARN_UNUSED_FUNCTION = YES;
				GCC_WARN_UNUSED_VARIABLE = YES;
				IPHONEOS_DEPLOYMENT_TARGET = 10.2;
				MTL_ENABLE_DEBUG_INFO = NO;
				SDKROOT = iphoneos;
				VALIDATE_PRODUCT = YES;
			};
			name = Release;
		};
		165F93681E525E5400A12835 /* Debug */ = {
			isa = XCBuildConfiguration;
			buildSettings = {
				OTHER_LDFLAGS = "-ObjC";
				PRODUCT_NAME = "$(TARGET_NAME)";
				SKIP_INSTALL = YES;
			};
			name = Debug;
		};
		165F93691E525E5400A12835 /* Release */ = {
			isa = XCBuildConfiguration;
			buildSettings = {
				OTHER_LDFLAGS = "-ObjC";
				PRODUCT_NAME = "$(TARGET_NAME)";
				SKIP_INSTALL = YES;
			};
			name = Release;
		};
/* End XCBuildConfiguration section */

/* Begin XCConfigurationList section */
		165F93591E525E5400A12835 /* Build configuration list for PBXProject "AirFacebook" */ = {
			isa = XCConfigurationList;
			buildConfigurations = (
				165F93651E525E5400A12835 /* Debug */,
				165F93661E525E5400A12835 /* Release */,
			);
			defaultConfigurationIsVisible = 0;
			defaultConfigurationName = Release;
		};
		165F93671E525E5400A12835 /* Build configuration list for PBXNativeTarget "AirFacebook" */ = {
			isa = XCConfigurationList;
			buildConfigurations = (
				165F93681E525E5400A12835 /* Debug */,
				165F93691E525E5400A12835 /* Release */,
			);
			defaultConfigurationIsVisible = 0;
		};
/* End XCConfigurationList section */
	};
	rootObject = 165F93561E525E5400A12835 /* Project object */;
}
